// !$*UTF8*$!
{
	archiveVersion = 1;
	classes = {
	};
	objectVersion = 46;
	objects = {

/* Begin PBXBuildFile section */
		5FC4BA191D25D951002BE958 /* main.m in Sources */ = {isa = PBXBuildFile; fileRef = 5FC4BA181D25D951002BE958 /* main.m */; };
		5FC4BA1C1D25D951002BE958 /* AppDelegate.m in Sources */ = {isa = PBXBuildFile; fileRef = 5FC4BA1B1D25D951002BE958 /* AppDelegate.m */; };
		5FC4BA1F1D25D951002BE958 /* ViewController.m in Sources */ = {isa = PBXBuildFile; fileRef = 5FC4BA1E1D25D951002BE958 /* ViewController.m */; };
		5FC4BA221D25D951002BE958 /* Main.storyboard in Resources */ = {isa = PBXBuildFile; fileRef = 5FC4BA201D25D951002BE958 /* Main.storyboard */; };
		5FC4BA241D25D951002BE958 /* Assets.xcassets in Resources */ = {isa = PBXBuildFile; fileRef = 5FC4BA231D25D951002BE958 /* Assets.xcassets */; };
		5FC4BA271D25D951002BE958 /* LaunchScreen.storyboard in Resources */ = {isa = PBXBuildFile; fileRef = 5FC4BA251D25D951002BE958 /* LaunchScreen.storyboard */; };
		5FC4BA321D25D951002BE958 /* wdxTests.m in Sources */ = {isa = PBXBuildFile; fileRef = 5FC4BA311D25D951002BE958 /* wdxTests.m */; };
		5FC4BA3D1D25D951002BE958 /* wdxUITests.m in Sources */ = {isa = PBXBuildFile; fileRef = 5FC4BA3C1D25D951002BE958 /* wdxUITests.m */; };
/* End PBXBuildFile section */

/* Begin PBXContainerItemProxy section */
		5FC4BA2E1D25D951002BE958 /* PBXContainerItemProxy */ = {
			isa = PBXContainerItemProxy;
			containerPortal = 5FC4BA0C1D25D951002BE958 /* Project object */;
			proxyType = 1;
			remoteGlobalIDString = 5FC4BA131D25D951002BE958;
			remoteInfo = wdx;
		};
		5FC4BA391D25D951002BE958 /* PBXContainerItemProxy */ = {
			isa = PBXContainerItemProxy;
			containerPortal = 5FC4BA0C1D25D951002BE958 /* Project object */;
			proxyType = 1;
			remoteGlobalIDString = 5FC4BA131D25D951002BE958;
			remoteInfo = wdx;
		};
/* End PBXContainerItemProxy section */

/* Begin PBXFileReference section */
		5FC4BA141D25D951002BE958 /* wdx.app */ = {isa = PBXFileReference; explicitFileType = wrapper.application; includeInIndex = 0; path = wdx.app; sourceTree = BUILT_PRODUCTS_DIR; };
		5FC4BA181D25D951002BE958 /* main.m */ = {isa = PBXFileReference; lastKnownFileType = sourcecode.c.objc; path = main.m; sourceTree = "<group>"; };
		5FC4BA1A1D25D951002BE958 /* AppDelegate.h */ = {isa = PBXFileReference; lastKnownFileType = sourcecode.c.h; path = AppDelegate.h; sourceTree = "<group>"; };
		5FC4BA1B1D25D951002BE958 /* AppDelegate.m */ = {isa = PBXFileReference; lastKnownFileType = sourcecode.c.objc; path = AppDelegate.m; sourceTree = "<group>"; };
		5FC4BA1D1D25D951002BE958 /* ViewController.h */ = {isa = PBXFileReference; lastKnownFileType = sourcecode.c.h; path = ViewController.h; sourceTree = "<group>"; };
		5FC4BA1E1D25D951002BE958 /* ViewController.m */ = {isa = PBXFileReference; lastKnownFileType = sourcecode.c.objc; path = ViewController.m; sourceTree = "<group>"; };
		5FC4BA211D25D951002BE958 /* Base */ = {isa = PBXFileReference; lastKnownFileType = file.storyboard; name = Base; path = Base.lproj/Main.storyboard; sourceTree = "<group>"; };
		5FC4BA231D25D951002BE958 /* Assets.xcassets */ = {isa = PBXFileReference; lastKnownFileType = folder.assetcatalog; path = Assets.xcassets; sourceTree = "<group>"; };
		5FC4BA261D25D951002BE958 /* Base */ = {isa = PBXFileReference; lastKnownFileType = file.storyboard; name = Base; path = Base.lproj/LaunchScreen.storyboard; sourceTree = "<group>"; };
		5FC4BA281D25D951002BE958 /* Info.plist */ = {isa = PBXFileReference; lastKnownFileType = text.plist.xml; path = Info.plist; sourceTree = "<group>"; };
		5FC4BA2D1D25D951002BE958 /* wdxTests.xctest */ = {isa = PBXFileReference; explicitFileType = wrapper.cfbundle; includeInIndex = 0; path = wdxTests.xctest; sourceTree = BUILT_PRODUCTS_DIR; };
		5FC4BA311D25D951002BE958 /* wdxTests.m */ = {isa = PBXFileReference; lastKnownFileType = sourcecode.c.objc; path = wdxTests.m; sourceTree = "<group>"; };
		5FC4BA331D25D951002BE958 /* Info.plist */ = {isa = PBXFileReference; lastKnownFileType = text.plist.xml; path = Info.plist; sourceTree = "<group>"; };
		5FC4BA381D25D951002BE958 /* wdxUITests.xctest */ = {isa = PBXFileReference; explicitFileType = wrapper.cfbundle; includeInIndex = 0; path = wdxUITests.xctest; sourceTree = BUILT_PRODUCTS_DIR; };
		5FC4BA3C1D25D951002BE958 /* wdxUITests.m */ = {isa = PBXFileReference; lastKnownFileType = sourcecode.c.objc; path = wdxUITests.m; sourceTree = "<group>"; };
		5FC4BA3E1D25D951002BE958 /* Info.plist */ = {isa = PBXFileReference; lastKnownFileType = text.plist.xml; path = Info.plist; sourceTree = "<group>"; };
/* End PBXFileReference section */

/* Begin PBXFrameworksBuildPhase section */
		5FC4BA111D25D951002BE958 /* Frameworks */ = {
			isa = PBXFrameworksBuildPhase;
			buildActionMask = 2147483647;
			files = (
			);
			runOnlyForDeploymentPostprocessing = 0;
		};
		5FC4BA2A1D25D951002BE958 /* Frameworks */ = {
			isa = PBXFrameworksBuildPhase;
			buildActionMask = 2147483647;
			files = (
			);
			runOnlyForDeploymentPostprocessing = 0;
		};
		5FC4BA351D25D951002BE958 /* Frameworks */ = {
			isa = PBXFrameworksBuildPhase;
			buildActionMask = 2147483647;
			files = (
			);
			runOnlyForDeploymentPostprocessing = 0;
		};
/* End PBXFrameworksBuildPhase section */

/* Begin PBXGroup section */
		5FC4BA0B1D25D951002BE958 = {
			isa = PBXGroup;
			children = (
				5FC4BA161D25D951002BE958 /* wdx */,
				5FC4BA301D25D951002BE958 /* wdxTests */,
				5FC4BA3B1D25D951002BE958 /* wdxUITests */,
				5FC4BA151D25D951002BE958 /* Products */,
			);
			sourceTree = "<group>";
		};
		5FC4BA151D25D951002BE958 /* Products */ = {
			isa = PBXGroup;
			children = (
				5FC4BA141D25D951002BE958 /* wdx.app */,
				5FC4BA2D1D25D951002BE958 /* wdxTests.xctest */,
				5FC4BA381D25D951002BE958 /* wdxUITests.xctest */,
			);
			name = Products;
			sourceTree = "<group>";
		};
		5FC4BA161D25D951002BE958 /* wdx */ = {
			isa = PBXGroup;
			children = (
				5FC4BA1A1D25D951002BE958 /* AppDelegate.h */,
				5FC4BA1B1D25D951002BE958 /* AppDelegate.m */,
				5FC4BA1D1D25D951002BE958 /* ViewController.h */,
				5FC4BA1E1D25D951002BE958 /* ViewController.m */,
				5FC4BA201D25D951002BE958 /* Main.storyboard */,
				5FC4BA231D25D951002BE958 /* Assets.xcassets */,
				5FC4BA251D25D951002BE958 /* LaunchScreen.storyboard */,
				5FC4BA281D25D951002BE958 /* Info.plist */,
				5FC4BA171D25D951002BE958 /* Supporting Files */,
			);
			path = wdx;
			sourceTree = "<group>";
		};
		5FC4BA171D25D951002BE958 /* Supporting Files */ = {
			isa = PBXGroup;
			children = (
				5FC4BA181D25D951002BE958 /* main.m */,
			);
			name = "Supporting Files";
			sourceTree = "<group>";
		};
		5FC4BA301D25D951002BE958 /* wdxTests */ = {
			isa = PBXGroup;
			children = (
				5FC4BA311D25D951002BE958 /* wdxTests.m */,
				5FC4BA331D25D951002BE958 /* Info.plist */,
			);
			path = wdxTests;
			sourceTree = "<group>";
		};
		5FC4BA3B1D25D951002BE958 /* wdxUITests */ = {
			isa = PBXGroup;
			children = (
				5FC4BA3C1D25D951002BE958 /* wdxUITests.m */,
				5FC4BA3E1D25D951002BE958 /* Info.plist */,
			);
			path = wdxUITests;
			sourceTree = "<group>";
		};
/* End PBXGroup section */

/* Begin PBXNativeTarget section */
		5FC4BA131D25D951002BE958 /* wdx */ = {
			isa = PBXNativeTarget;
			buildConfigurationList = 5FC4BA411D25D951002BE958 /* Build configuration list for PBXNativeTarget "wdx" */;
			buildPhases = (
				5FC4BA101D25D951002BE958 /* Sources */,
				5FC4BA111D25D951002BE958 /* Frameworks */,
				5FC4BA121D25D951002BE958 /* Resources */,
			);
			buildRules = (
			);
			dependencies = (
			);
			name = wdx;
			productName = wdx;
			productReference = 5FC4BA141D25D951002BE958 /* wdx.app */;
			productType = "com.apple.product-type.application";
		};
		5FC4BA2C1D25D951002BE958 /* wdxTests */ = {
			isa = PBXNativeTarget;
			buildConfigurationList = 5FC4BA441D25D951002BE958 /* Build configuration list for PBXNativeTarget "wdxTests" */;
			buildPhases = (
				5FC4BA291D25D951002BE958 /* Sources */,
				5FC4BA2A1D25D951002BE958 /* Frameworks */,
				5FC4BA2B1D25D951002BE958 /* Resources */,
			);
			buildRules = (
			);
			dependencies = (
				5FC4BA2F1D25D951002BE958 /* PBXTargetDependency */,
			);
			name = wdxTests;
			productName = wdxTests;
			productReference = 5FC4BA2D1D25D951002BE958 /* wdxTests.xctest */;
			productType = "com.apple.product-type.bundle.unit-test";
		};
		5FC4BA371D25D951002BE958 /* wdxUITests */ = {
			isa = PBXNativeTarget;
			buildConfigurationList = 5FC4BA471D25D951002BE958 /* Build configuration list for PBXNativeTarget "wdxUITests" */;
			buildPhases = (
				5FC4BA341D25D951002BE958 /* Sources */,
				5FC4BA351D25D951002BE958 /* Frameworks */,
				5FC4BA361D25D951002BE958 /* Resources */,
			);
			buildRules = (
			);
			dependencies = (
				5FC4BA3A1D25D951002BE958 /* PBXTargetDependency */,
			);
			name = wdxUITests;
			productName = wdxUITests;
			productReference = 5FC4BA381D25D951002BE958 /* wdxUITests.xctest */;
			productType = "com.apple.product-type.bundle.ui-testing";
		};
/* End PBXNativeTarget section */

/* Begin PBXProject section */
		5FC4BA0C1D25D951002BE958 /* Project object */ = {
			isa = PBXProject;
			attributes = {
				LastUpgradeCheck = 0730;
				ORGANIZATIONNAME = "王东星";
				TargetAttributes = {
					5FC4BA131D25D951002BE958 = {
						CreatedOnToolsVersion = 7.3.1;
					};
					5FC4BA2C1D25D951002BE958 = {
						CreatedOnToolsVersion = 7.3.1;
						TestTargetID = 5FC4BA131D25D951002BE958;
					};
					5FC4BA371D25D951002BE958 = {
						CreatedOnToolsVersion = 7.3.1;
						TestTargetID = 5FC4BA131D25D951002BE958;
					};
				};
			};
			buildConfigurationList = 5FC4BA0F1D25D951002BE958 /* Build configuration list for PBXProject "wdx" */;
			compatibilityVersion = "Xcode 3.2";
			developmentRegion = English;
			hasScannedForEncodings = 0;
			knownRegions = (
				en,
				Base,
			);
			mainGroup = 5FC4BA0B1D25D951002BE958;
			productRefGroup = 5FC4BA151D25D951002BE958 /* Products */;
			projectDirPath = "";
			projectRoot = "";
			targets = (
				5FC4BA131D25D951002BE958 /* wdx */,
				5FC4BA2C1D25D951002BE958 /* wdxTests */,
				5FC4BA371D25D951002BE958 /* wdxUITests */,
			);
		};
/* End PBXProject section */

/* Begin PBXResourcesBuildPhase section */
		5FC4BA121D25D951002BE958 /* Resources */ = {
			isa = PBXResourcesBuildPhase;
			buildActionMask = 2147483647;
			files = (
				5FC4BA271D25D951002BE958 /* LaunchScreen.storyboard in Resources */,
				5FC4BA241D25D951002BE958 /* Assets.xcassets in Resources */,
				5FC4BA221D25D951002BE958 /* Main.storyboard in Resources */,
			);
			runOnlyForDeploymentPostprocessing = 0;
		};
		5FC4BA2B1D25D951002BE958 /* Resources */ = {
			isa = PBXResourcesBuildPhase;
			buildActionMask = 2147483647;
			files = (
			);
			runOnlyForDeploymentPostprocessing = 0;
		};
		5FC4BA361D25D951002BE958 /* Resources */ = {
			isa = PBXResourcesBuildPhase;
			buildActionMask = 2147483647;
			files = (
			);
			runOnlyForDeploymentPostprocessing = 0;
		};
/* End PBXResourcesBuildPhase section */

/* Begin PBXSourcesBuildPhase section */
		5FC4BA101D25D951002BE958 /* Sources */ = {
			isa = PBXSourcesBuildPhase;
			buildActionMask = 2147483647;
			files = (
				5FC4BA1F1D25D951002BE958 /* ViewController.m in Sources */,
				5FC4BA1C1D25D951002BE958 /* AppDelegate.m in Sources */,
				5FC4BA191D25D951002BE958 /* main.m in Sources */,
			);
			runOnlyForDeploymentPostprocessing = 0;
		};
		5FC4BA291D25D951002BE958 /* Sources */ = {
			isa = PBXSourcesBuildPhase;
			buildActionMask = 2147483647;
			files = (
				5FC4BA321D25D951002BE958 /* wdxTests.m in Sources */,
			);
			runOnlyForDeploymentPostprocessing = 0;
		};
		5FC4BA341D25D951002BE958 /* Sources */ = {
			isa = PBXSourcesBuildPhase;
			buildActionMask = 2147483647;
			files = (
				5FC4BA3D1D25D951002BE958 /* wdxUITests.m in Sources */,
			);
			runOnlyForDeploymentPostprocessing = 0;
		};
/* End PBXSourcesBuildPhase section */

/* Begin PBXTargetDependency section */
		5FC4BA2F1D25D951002BE958 /* PBXTargetDependency */ = {
			isa = PBXTargetDependency;
			target = 5FC4BA131D25D951002BE958 /* wdx */;
			targetProxy = 5FC4BA2E1D25D951002BE958 /* PBXContainerItemProxy */;
		};
		5FC4BA3A1D25D951002BE958 /* PBXTargetDependency */ = {
			isa = PBXTargetDependency;
			target = 5FC4BA131D25D951002BE958 /* wdx */;
			targetProxy = 5FC4BA391D25D951002BE958 /* PBXContainerItemProxy */;
		};
/* End PBXTargetDependency section */

/* Begin PBXVariantGroup section */
		5FC4BA201D25D951002BE958 /* Main.storyboard */ = {
			isa = PBXVariantGroup;
			children = (
				5FC4BA211D25D951002BE958 /* Base */,
			);
			name = Main.storyboard;
			sourceTree = "<group>";
		};
		5FC4BA251D25D951002BE958 /* LaunchScreen.storyboard */ = {
			isa = PBXVariantGroup;
			children = (
				5FC4BA261D25D951002BE958 /* Base */,
			);
			name = LaunchScreen.storyboard;
			sourceTree = "<group>";
		};
/* End PBXVariantGroup section */

/* Begin XCBuildConfiguration section */
		5FC4BA3F1D25D951002BE958 /* Debug */ = {
			isa = XCBuildConfiguration;
			buildSettings = {
				ALWAYS_SEARCH_USER_PATHS = NO;
				CLANG_ANALYZER_NONNULL = YES;
				CLANG_CXX_LANGUAGE_STANDARD = "gnu++0x";
				CLANG_CXX_LIBRARY = "libc++";
				CLANG_ENABLE_MODULES = YES;
				CLANG_ENABLE_OBJC_ARC = YES;
				CLANG_WARN_BOOL_CONVERSION = YES;
				CLANG_WARN_CONSTANT_CONVERSION = YES;
				CLANG_WARN_DIRECT_OBJC_ISA_USAGE = YES_ERROR;
				CLANG_WARN_EMPTY_BODY = YES;
				CLANG_WARN_ENUM_CONVERSION = YES;
				CLANG_WARN_INT_CONVERSION = YES;
				CLANG_WARN_OBJC_ROOT_CLASS = YES_ERROR;
				CLANG_WARN_UNREACHABLE_CODE = YES;
				CLANG_WARN__DUPLICATE_METHOD_MATCH = YES;
				"CODE_SIGN_IDENTITY[sdk=iphoneos*]" = "iPhone Developer";
				COPY_PHASE_STRIP = NO;
				DEBUG_INFORMATION_FORMAT = dwarf;
				ENABLE_STRICT_OBJC_MSGSEND = YES;
				ENABLE_TESTABILITY = YES;
				GCC_C_LANGUAGE_STANDARD = gnu99;
				GCC_DYNAMIC_NO_PIC = NO;
				GCC_NO_COMMON_BLOCKS = YES;
				GCC_OPTIMIZATION_LEVEL = 0;
				GCC_PREPROCESSOR_DEFINITIONS = (
					"DEBUG=1",
					"$(inherited)",
				);
				GCC_WARN_64_TO_32_BIT_CONVERSION = YES;
				GCC_WARN_ABOUT_RETURN_TYPE = YES_ERROR;
				GCC_WARN_UNDECLARED_SELECTOR = YES;
				GCC_WARN_UNINITIALIZED_AUTOS = YES_AGGRESSIVE;
				GCC_WARN_UNUSED_FUNCTION = YES;
				GCC_WARN_UNUSED_VARIABLE = YES;
				IPHONEOS_DEPLOYMENT_TARGET = 9.3;
				MTL_ENABLE_DEBUG_INFO = YES;
				ONLY_ACTIVE_ARCH = YES;
				SDKROOT = iphoneos;
				TARGETED_DEVICE_FAMILY = "1,2";
			};
			name = Debug;
		};
		5FC4BA401D25D951002BE958 /* Release */ = {
			isa = XCBuildConfiguration;
			buildSettings = {
				ALWAYS_SEARCH_USER_PATHS = NO;
				CLANG_ANALYZER_NONNULL = YES;
				CLANG_CXX_LANGUAGE_STANDARD = "gnu++0x";
				CLANG_CXX_LIBRARY = "libc++";
				CLANG_ENABLE_MODULES = YES;
				CLANG_ENABLE_OBJC_ARC = YES;
				CLANG_WARN_BOOL_CONVERSION = YES;
				CLANG_WARN_CONSTANT_CONVERSION = YES;
				CLANG_WARN_DIRECT_OBJC_ISA_USAGE = YES_ERROR;
				CLANG_WARN_EMPTY_BODY = YES;
				CLANG_WARN_ENUM_CONVERSION = YES;
				CLANG_WARN_INT_CONVERSION = YES;
				CLANG_WARN_OBJC_ROOT_CLASS = YES_ERROR;
				CLANG_WARN_UNREACHABLE_CODE = YES;
				CLANG_WARN__DUPLICATE_METHOD_MATCH = YES;
				"CODE_SIGN_IDENTITY[sdk=iphoneos*]" = "iPhone Developer";
				COPY_PHASE_STRIP = NO;
				DEBUG_INFORMATION_FORMAT = "dwarf-with-dsym";
				ENABLE_NS_ASSERTIONS = NO;
				ENABLE_STRICT_OBJC_MSGSEND = YES;
				GCC_C_LANGUAGE_STANDARD = gnu99;
				GCC_NO_COMMON_BLOCKS = YES;
				GCC_WARN_64_TO_32_BIT_CONVERSION = YES;
				GCC_WARN_ABOUT_RETURN_TYPE = YES_ERROR;
				GCC_WARN_UNDECLARED_SELECTOR = YES;
				GCC_WARN_UNINITIALIZED_AUTOS = YES_AGGRESSIVE;
				GCC_WARN_UNUSED_FUNCTION = YES;
				GCC_WARN_UNUSED_VARIABLE = YES;
				IPHONEOS_DEPLOYMENT_TARGET = 9.3;
				MTL_ENABLE_DEBUG_INFO = NO;
				SDKROOT = iphoneos;
				TARGETED_DEVICE_FAMILY = "1,2";
				VALIDATE_PRODUCT = YES;
			};
			name = Release;
		};
		5FC4BA421D25D951002BE958 /* Debug */ = {
			isa = XCBuildConfiguration;
			buildSettings = {
				ASSETCATALOG_COMPILER_APPICON_NAME = AppIcon;
				INFOPLIST_FILE = wdx/Info.plist;
				LD_RUNPATH_SEARCH_PATHS = "$(inherited) @executable_path/Frameworks";
				PRODUCT_BUNDLE_IDENTIFIER = wdx.wdx;
				PRODUCT_NAME = "$(TARGET_NAME)";
			};
			name = Debug;
		};
		5FC4BA431D25D951002BE958 /* Release */ = {
			isa = XCBuildConfiguration;
			buildSettings = {
				ASSETCATALOG_COMPILER_APPICON_NAME = AppIcon;
				INFOPLIST_FILE = wdx/Info.plist;
				LD_RUNPATH_SEARCH_PATHS = "$(inherited) @executable_path/Frameworks";
				PRODUCT_BUNDLE_IDENTIFIER = wdx.wdx;
				PRODUCT_NAME = "$(TARGET_NAME)";
			};
			name = Release;
		};
		5FC4BA451D25D951002BE958 /* Debug */ = {
			isa = XCBuildConfiguration;
			buildSettings = {
				BUNDLE_LOADER = "$(TEST_HOST)";
				INFOPLIST_FILE = wdxTests/Info.plist;
				LD_RUNPATH_SEARCH_PATHS = "$(inherited) @executable_path/Frameworks @loader_path/Frameworks";
				PRODUCT_BUNDLE_IDENTIFIER = wdx.wdxTests;
				PRODUCT_NAME = "$(TARGET_NAME)";
				TEST_HOST = "$(BUILT_PRODUCTS_DIR)/wdx.app/wdx";
			};
			name = Debug;
		};
		5FC4BA461D25D951002BE958 /* Release */ = {
			isa = XCBuildConfiguration;
			buildSettings = {
				BUNDLE_LOADER = "$(TEST_HOST)";
				INFOPLIST_FILE = wdxTests/Info.plist;
				LD_RUNPATH_SEARCH_PATHS = "$(inherited) @executable_path/Frameworks @loader_path/Frameworks";
				PRODUCT_BUNDLE_IDENTIFIER = wdx.wdxTests;
				PRODUCT_NAME = "$(TARGET_NAME)";
				TEST_HOST = "$(BUILT_PRODUCTS_DIR)/wdx.app/wdx";
			};
			name = Release;
		};
		5FC4BA481D25D951002BE958 /* Debug */ = {
			isa = XCBuildConfiguration;
			buildSettings = {
				INFOPLIST_FILE = wdxUITests/Info.plist;
				LD_RUNPATH_SEARCH_PATHS = "$(inherited) @executable_path/Frameworks @loader_path/Frameworks";
				PRODUCT_BUNDLE_IDENTIFIER = wdx.wdxUITests;
				PRODUCT_NAME = "$(TARGET_NAME)";
				TEST_TARGET_NAME = wdx;
			};
			name = Debug;
		};
		5FC4BA491D25D951002BE958 /* Release */ = {
			isa = XCBuildConfiguration;
			buildSettings = {
				INFOPLIST_FILE = wdxUITests/Info.plist;
				LD_RUNPATH_SEARCH_PATHS = "$(inherited) @executable_path/Frameworks @loader_path/Frameworks";
				PRODUCT_BUNDLE_IDENTIFIER = wdx.wdxUITests;
				PRODUCT_NAME = "$(TARGET_NAME)";
				TEST_TARGET_NAME = wdx;
			};
			name = Release;
		};
/* End XCBuildConfiguration section */

/* Begin XCConfigurationList section */
		5FC4BA0F1D25D951002BE958 /* Build configuration list for PBXProject "wdx" */ = {
			isa = XCConfigurationList;
			buildConfigurations = (
				5FC4BA3F1D25D951002BE958 /* Debug */,
				5FC4BA401D25D951002BE958 /* Release */,
			);
			defaultConfigurationIsVisible = 0;
			defaultConfigurationName = Release;
		};
		5FC4BA411D25D951002BE958 /* Build configuration list for PBXNativeTarget "wdx" */ = {
			isa = XCConfigurationList;
			buildConfigurations = (
				5FC4BA421D25D951002BE958 /* Debug */,
				5FC4BA431D25D951002BE958 /* Release */,
			);
			defaultConfigurationIsVisible = 0;
		};
		5FC4BA441D25D951002BE958 /* Build configuration list for PBXNativeTarget "wdxTests" */ = {
			isa = XCConfigurationList;
			buildConfigurations = (
				5FC4BA451D25D951002BE958 /* Debug */,
				5FC4BA461D25D951002BE958 /* Release */,
			);
			defaultConfigurationIsVisible = 0;
		};
		5FC4BA471D25D951002BE958 /* Build configuration list for PBXNativeTarget "wdxUITests" */ = {
			isa = XCConfigurationList;
			buildConfigurations = (
				5FC4BA481D25D951002BE958 /* Debug */,
				5FC4BA491D25D951002BE958 /* Release */,
			);
			defaultConfigurationIsVisible = 0;
		};
/* End XCConfigurationList section */
	};
	rootObject = 5FC4BA0C1D25D951002BE958 /* Project object */;
}
